
Microsoft Visual Studio Solution File, Format Version 12.00
# Visual Studio Version 17
VisualStudioVersion = 17.7.34031.279
MinimumVisualStudioVersion = 10.0.40219.1
Project("{FAE04EC0-301F-11D3-BF4B-00C04F79EFBC}") = "lab 1", "lab 1\lab 1.csproj", "{C34550D6-A542-4DF5-B121-6209713D2AC2}"
EndProject
Global
	GlobalSection(SolutionConfigurationPlatforms) = preSolution
		Debug|Any CPU = Debug|Any CPU
		Release|Any CPU = Release|Any CPU
	EndGlobalSection
	GlobalSection(ProjectConfigurationPlatforms) = postSolution
		{C34550D6-A542-4DF5-B121-6209713D2AC2}.Debug|Any CPU.ActiveCfg = Debug|Any CPU
		{C34550D6-A542-4DF5-B121-6209713D2AC2}.Debug|Any CPU.Build.0 = Debug|Any CPU
		{C34550D6-A542-4DF5-B121-6209713D2AC2}.Release|Any CPU.ActiveCfg = Release|Any CPU
		{C34550D6-A542-4DF5-B121-6209713D2AC2}.Release|Any CPU.Build.0 = Release|Any CPU
	EndGlobalSection
	GlobalSection(SolutionProperties) = preSolution
		HideSolutionNode = FALSE
	EndGlobalSection
	GlobalSection(ExtensibilityGlobals) = postSolution
		SolutionGuid = {10029AFA-1224-49EF-A0C1-B981FBCF7D7C}
	EndGlobalSection
EndGlobal
